schema: '2.0'
stages:
  proprocess:
    cmd: conda run --prefix src/preprocess/venv python src/preprocess/main.py
    deps:
    - path: conf/config.yml
      md5: 27eddbcaf7c82ce5c1769088f5c295bd
      size: 243
    - path: data/raw/sst.csv
      md5: ef1e3e02e20806be6cc6bdcb30630fc2
      size: 19524957
    - path: src/preprocess/main.py
      md5: 269132e332d8c8d006e6959b184fb3cd
      size: 1080
    outs:
    - path: data/clean/sst.csv
      md5: 4fb362146003e955b2517b94b540b551
      size: 2274749
  imputate:
    cmd: conda run --prefix src/imputation/knn/venv python src/imputation/knn/main.py
    deps:
    - path: conf/config.yml
      md5: 27eddbcaf7c82ce5c1769088f5c295bd
      size: 243
    - path: data/clean/sst.csv
      md5: 4fb362146003e955b2517b94b540b551
      size: 2274749
    - path: src/imputation/knn/main.py
      md5: a9076ffcaa7662127ad8a29c6609bf0b
      size: 980
    outs:
    - path: data/model_in/sst.csv
      md5: b838b46e7929cd59c192f8aed051e851
      size: 2107297
